
Microsoft Visual Studio Solution File, Format Version 12.00
# Visual Studio Version 16
VisualStudioVersion = 16.0.31702.278
MinimumVisualStudioVersion = 10.0.40219.1
Project("{F184B08F-C81C-45F6-A57F-5ABD9991F28F}") = "Pruebas", "Pruebas\Pruebas.vbproj", "{1BF23163-583B-48BF-AF87-1FC3F03EB10C}"
EndProject
Global
	GlobalSection(SolutionConfigurationPlatforms) = preSolution
		Debug|Any CPU = Debug|Any CPU
		Release|Any CPU = Release|Any CPU
	EndGlobalSection
	GlobalSection(ProjectConfigurationPlatforms) = postSolution
		{1BF23163-583B-48BF-AF87-1FC3F03EB10C}.Debug|Any CPU.ActiveCfg = Debug|Any CPU
		{1BF23163-583B-48BF-AF87-1FC3F03EB10C}.Debug|Any CPU.Build.0 = Debug|Any CPU
		{1BF23163-583B-48BF-AF87-1FC3F03EB10C}.Release|Any CPU.ActiveCfg = Release|Any CPU
		{1BF23163-583B-48BF-AF87-1FC3F03EB10C}.Release|Any CPU.Build.0 = Release|Any CPU
	EndGlobalSection
	GlobalSection(SolutionProperties) = preSolution
		HideSolutionNode = FALSE
	EndGlobalSection
	GlobalSection(ExtensibilityGlobals) = postSolution
		SolutionGuid = {82BE2BB5-9E04-45CA-BBE7-6D02D792C619}
	EndGlobalSection
EndGlobal
