
Microsoft Visual Studio Solution File, Format Version 12.00
# Visual Studio Version 16
VisualStudioVersion = 16.0.31702.278
MinimumVisualStudioVersion = 10.0.40219.1
Project("{F184B08F-C81C-45F6-A57F-5ABD9991F28F}") = "EjemploXAML1", "EjemploXAML1\EjemploXAML1.vbproj", "{764FE5FD-EC97-4382-BCD3-2C923AA2424B}"
EndProject
Global
	GlobalSection(SolutionConfigurationPlatforms) = preSolution
		Debug|Any CPU = Debug|Any CPU
		Release|Any CPU = Release|Any CPU
	EndGlobalSection
	GlobalSection(ProjectConfigurationPlatforms) = postSolution
		{764FE5FD-EC97-4382-BCD3-2C923AA2424B}.Debug|Any CPU.ActiveCfg = Debug|Any CPU
		{764FE5FD-EC97-4382-BCD3-2C923AA2424B}.Debug|Any CPU.Build.0 = Debug|Any CPU
		{764FE5FD-EC97-4382-BCD3-2C923AA2424B}.Release|Any CPU.ActiveCfg = Release|Any CPU
		{764FE5FD-EC97-4382-BCD3-2C923AA2424B}.Release|Any CPU.Build.0 = Release|Any CPU
	EndGlobalSection
	GlobalSection(SolutionProperties) = preSolution
		HideSolutionNode = FALSE
	EndGlobalSection
	GlobalSection(ExtensibilityGlobals) = postSolution
		SolutionGuid = {1B1160CD-F7DC-49C5-AAD6-26648DEA2F6F}
	EndGlobalSection
EndGlobal
