
Microsoft Visual Studio Solution File, Format Version 12.00
# Visual Studio Version 16
VisualStudioVersion = 16.0.31729.503
MinimumVisualStudioVersion = 10.0.40219.1
Project("{F184B08F-C81C-45F6-A57F-5ABD9991F28F}") = "addhandler", "addhandler\addhandler.vbproj", "{0B2162E3-0C99-4758-8E63-2A45870480C7}"
EndProject
Global
	GlobalSection(SolutionConfigurationPlatforms) = preSolution
		Debug|Any CPU = Debug|Any CPU
		Release|Any CPU = Release|Any CPU
	EndGlobalSection
	GlobalSection(ProjectConfigurationPlatforms) = postSolution
		{0B2162E3-0C99-4758-8E63-2A45870480C7}.Debug|Any CPU.ActiveCfg = Debug|Any CPU
		{0B2162E3-0C99-4758-8E63-2A45870480C7}.Debug|Any CPU.Build.0 = Debug|Any CPU
		{0B2162E3-0C99-4758-8E63-2A45870480C7}.Release|Any CPU.ActiveCfg = Release|Any CPU
		{0B2162E3-0C99-4758-8E63-2A45870480C7}.Release|Any CPU.Build.0 = Release|Any CPU
	EndGlobalSection
	GlobalSection(SolutionProperties) = preSolution
		HideSolutionNode = FALSE
	EndGlobalSection
	GlobalSection(ExtensibilityGlobals) = postSolution
		SolutionGuid = {C38A15C0-6753-4B60-BA11-4C74941A30AA}
	EndGlobalSection
EndGlobal
