
Microsoft Visual Studio Solution File, Format Version 12.00
# Visual Studio Version 16
VisualStudioVersion = 16.0.31702.278
MinimumVisualStudioVersion = 10.0.40219.1
Project("{F184B08F-C81C-45F6-A57F-5ABD9991F28F}") = "Practica11UserControl", "Practica11UserControl\Practica11UserControl.vbproj", "{47F065C4-4B1D-4AE8-9BC2-AA5DB2AC9471}"
EndProject
Global
	GlobalSection(SolutionConfigurationPlatforms) = preSolution
		Debug|Any CPU = Debug|Any CPU
		Release|Any CPU = Release|Any CPU
	EndGlobalSection
	GlobalSection(ProjectConfigurationPlatforms) = postSolution
		{47F065C4-4B1D-4AE8-9BC2-AA5DB2AC9471}.Debug|Any CPU.ActiveCfg = Debug|Any CPU
		{47F065C4-4B1D-4AE8-9BC2-AA5DB2AC9471}.Debug|Any CPU.Build.0 = Debug|Any CPU
		{47F065C4-4B1D-4AE8-9BC2-AA5DB2AC9471}.Release|Any CPU.ActiveCfg = Release|Any CPU
		{47F065C4-4B1D-4AE8-9BC2-AA5DB2AC9471}.Release|Any CPU.Build.0 = Release|Any CPU
	EndGlobalSection
	GlobalSection(SolutionProperties) = preSolution
		HideSolutionNode = FALSE
	EndGlobalSection
	GlobalSection(ExtensibilityGlobals) = postSolution
		SolutionGuid = {A35361BA-67C2-48B7-9EFB-9F43F64AAF3C}
	EndGlobalSection
EndGlobal
